
Microsoft Visual Studio Solution File, Format Version 12.00
# Visual Studio Version 17
VisualStudioVersion = 17.13.35913.81 d17.13
MinimumVisualStudioVersion = 10.0.40219.1
Project("{FAE04EC0-301F-11D3-BF4B-00C04F79EFBC}") = "AuthApi", "AuthApi.csproj", "{5A4BC8C1-7AED-C37A-9087-A1783EF055D4}"
EndProject
Project("{FAE04EC0-301F-11D3-BF4B-00C04F79EFBC}") = "AuthApi.Tests", "..\AuthApi.Tests\AuthApi.Tests.csproj", "{57651379-BD4C-4F25-8889-A28CB4665996}"
EndProject
Global
	GlobalSection(SolutionConfigurationPlatforms) = preSolution
		Debug|Any CPU = Debug|Any CPU
		Release|Any CPU = Release|Any CPU
	EndGlobalSection
	GlobalSection(ProjectConfigurationPlatforms) = postSolution
		{5A4BC8C1-7AED-C37A-9087-A1783EF055D4}.Debug|Any CPU.ActiveCfg = Debug|Any CPU
		{5A4BC8C1-7AED-C37A-9087-A1783EF055D4}.Debug|Any CPU.Build.0 = Debug|Any CPU
		{5A4BC8C1-7AED-C37A-9087-A1783EF055D4}.Release|Any CPU.ActiveCfg = Release|Any CPU
		{5A4BC8C1-7AED-C37A-9087-A1783EF055D4}.Release|Any CPU.Build.0 = Release|Any CPU
		{57651379-BD4C-4F25-8889-A28CB4665996}.Debug|Any CPU.ActiveCfg = Debug|Any CPU
		{57651379-BD4C-4F25-8889-A28CB4665996}.Debug|Any CPU.Build.0 = Debug|Any CPU
		{57651379-BD4C-4F25-8889-A28CB4665996}.Release|Any CPU.ActiveCfg = Release|Any CPU
		{57651379-BD4C-4F25-8889-A28CB4665996}.Release|Any CPU.Build.0 = Release|Any CPU
	EndGlobalSection
	GlobalSection(SolutionProperties) = preSolution
		HideSolutionNode = FALSE
	EndGlobalSection
	GlobalSection(ExtensibilityGlobals) = postSolution
		SolutionGuid = {8751A39C-0D54-4EC2-B60E-8FC4F0C6EAF9}
	EndGlobalSection
EndGlobal
